
Microsoft Visual Studio Solution File, Format Version 12.00
# Visual Studio Version 16
VisualStudioVersion = 16.0.31112.23
MinimumVisualStudioVersion = 10.0.40219.1
Project("{FAE04EC0-301F-11D3-BF4B-00C04F79EFBC}") = "Quick.Wpf", "Quick.Wpf\Quick.Wpf.csproj", "{62792AA9-CC86-4F25-8FEB-CE2110DF785B}"
EndProject
Project("{9A19103F-16F7-4668-BE54-9A1E7A4F7556}") = "Quick.Core", "Quick.Core\Quick.Core.csproj", "{2BE43F64-5601-4839-8178-9246DD06EE83}"
EndProject
Project("{FAE04EC0-301F-11D3-BF4B-00C04F79EFBC}") = "Quick.Wpf.EntityFramework", "Quick.Wpf.EntityFramework\Quick.Wpf.EntityFramework.csproj", "{D3B7CA3B-23D3-4F2E-B02F-03A3E45CB7F0}"
EndProject
Project("{2150E333-8FDC-42A3-9474-1A3956D46DE8}") = "Demos", "Demos", "{A5B5B94D-67AE-4A02-8DC6-A601113394A6}"
EndProject
Project("{FAE04EC0-301F-11D3-BF4B-00C04F79EFBC}") = "AppDemo", "Demos\AppDemo\AppDemo.csproj", "{7BAA419A-1FA7-443A-85DB-1B1ADFD661D7}"
EndProject
Project("{FAE04EC0-301F-11D3-BF4B-00C04F79EFBC}") = "LogDemo", "Demos\LogDemo\LogDemo.csproj", "{584EF738-F895-4ACA-BBEE-7B13626865BA}"
EndProject
Project("{FAE04EC0-301F-11D3-BF4B-00C04F79EFBC}") = "ConfigurationDemo", "Demos\ConfigurationDemo\ConfigurationDemo.csproj", "{4D762CCD-FACF-4151-8E7D-B8394ED1E0B2}"
EndProject
Project("{FAE04EC0-301F-11D3-BF4B-00C04F79EFBC}") = "SimpleMvvmDemo", "Demos\SimpleMvvmDemo\SimpleMvvmDemo.csproj", "{7CEB4F8A-A9E7-4CB0-B831-221332739FD5}"
EndProject
Project("{FAE04EC0-301F-11D3-BF4B-00C04F79EFBC}") = "IocDemo", "Demos\IocDemo\IocDemo.csproj", "{79699B0D-4A53-4411-9642-5FD85CF24A67}"
EndProject
Project("{FAE04EC0-301F-11D3-BF4B-00C04F79EFBC}") = "MessageDemo", "Demos\MessageDemo\MessageDemo.csproj", "{3E081D3B-2533-453C-BCED-09528A51414D}"
EndProject
Project("{FAE04EC0-301F-11D3-BF4B-00C04F79EFBC}") = "MultiLanguageDemo", "Demos\MultiLanguageDemo\MultiLanguageDemo.csproj", "{F22219FA-75AE-417D-9739-9BF7E294BA86}"
EndProject
Project("{FAE04EC0-301F-11D3-BF4B-00C04F79EFBC}") = "ConvertersDemo", "Demos\ConvertersDemo\ConvertersDemo.csproj", "{33DF2363-5FFE-4BF5-BBBE-98DA41C7E384}"
EndProject
Project("{FAE04EC0-301F-11D3-BF4B-00C04F79EFBC}") = "DuplicatedKillerDemo", "Demos\DuplicatedKillerDemo\DuplicatedKillerDemo.csproj", "{75BCA5B6-8408-49A2-998A-46B5BFDE175E}"
EndProject
Project("{FAE04EC0-301F-11D3-BF4B-00C04F79EFBC}") = "LocalStorageDemo", "Demos\LocalStorageDemo\LocalStorageDemo.csproj", "{19821D2D-FDCE-4BB2-AC60-5536638371FB}"
EndProject
Project("{FAE04EC0-301F-11D3-BF4B-00C04F79EFBC}") = "AutoUIDemo", "Demos\AutoUIDemo\AutoUIDemo.csproj", "{8828E649-77DB-497C-9A5D-03E681E602BB}"
EndProject
Project("{FAE04EC0-301F-11D3-BF4B-00C04F79EFBC}") = "DapperDemo", "Demos\DapperDemo\DapperDemo.csproj", "{725FC0A7-535F-4581-A31F-11F48D124FBD}"
EndProject
Project("{FAE04EC0-301F-11D3-BF4B-00C04F79EFBC}") = "EntityFrameworkDemo", "Demos\EntityFrameworkDemo\EntityFrameworkDemo.csproj", "{2484B157-158A-42AB-975F-D3AC90B277AB}"
EndProject
Project("{FAE04EC0-301F-11D3-BF4B-00C04F79EFBC}") = "Quick.Wpf.Themes", "Quick.Wpf.Themes\Quick.Wpf.Themes.csproj", "{44C05C8F-5594-4FBF-8423-2614954F48B1}"
EndProject
Project("{FAE04EC0-301F-11D3-BF4B-00C04F79EFBC}") = "QuickThemeDemo", "Demos\QuickThemeDemo\QuickThemeDemo.csproj", "{E6899CB5-D38A-4029-9362-E85F4998FA45}"
EndProject
Project("{FAE04EC0-301F-11D3-BF4B-00C04F79EFBC}") = "MaterialThemeDemo", "Demos\MaterialThemeDemo\MaterialThemeDemo.csproj", "{39B7EB58-9791-4A8B-A10F-9713880E6C03}"
EndProject
Project("{FAE04EC0-301F-11D3-BF4B-00C04F79EFBC}") = "MaterialThemeDemo2", "Demos\MaterialThemeDemo2\MaterialThemeDemo2.csproj", "{FE0B18E1-6DB9-4BD8-A047-8B5681198A39}"
EndProject
Global
	GlobalSection(SolutionConfigurationPlatforms) = preSolution
		Debug|Any CPU = Debug|Any CPU
		Release|Any CPU = Release|Any CPU
	EndGlobalSection
	GlobalSection(ProjectConfigurationPlatforms) = postSolution
		{62792AA9-CC86-4F25-8FEB-CE2110DF785B}.Debug|Any CPU.ActiveCfg = Debug|Any CPU
		{62792AA9-CC86-4F25-8FEB-CE2110DF785B}.Debug|Any CPU.Build.0 = Debug|Any CPU
		{62792AA9-CC86-4F25-8FEB-CE2110DF785B}.Release|Any CPU.ActiveCfg = Release|Any CPU
		{62792AA9-CC86-4F25-8FEB-CE2110DF785B}.Release|Any CPU.Build.0 = Release|Any CPU
		{2BE43F64-5601-4839-8178-9246DD06EE83}.Debug|Any CPU.ActiveCfg = Debug|Any CPU
		{2BE43F64-5601-4839-8178-9246DD06EE83}.Debug|Any CPU.Build.0 = Debug|Any CPU
		{2BE43F64-5601-4839-8178-9246DD06EE83}.Release|Any CPU.ActiveCfg = Release|Any CPU
		{2BE43F64-5601-4839-8178-9246DD06EE83}.Release|Any CPU.Build.0 = Release|Any CPU
		{D3B7CA3B-23D3-4F2E-B02F-03A3E45CB7F0}.Debug|Any CPU.ActiveCfg = Debug|Any CPU
		{D3B7CA3B-23D3-4F2E-B02F-03A3E45CB7F0}.Debug|Any CPU.Build.0 = Debug|Any CPU
		{D3B7CA3B-23D3-4F2E-B02F-03A3E45CB7F0}.Release|Any CPU.ActiveCfg = Release|Any CPU
		{D3B7CA3B-23D3-4F2E-B02F-03A3E45CB7F0}.Release|Any CPU.Build.0 = Release|Any CPU
		{7BAA419A-1FA7-443A-85DB-1B1ADFD661D7}.Debug|Any CPU.ActiveCfg = Debug|Any CPU
		{7BAA419A-1FA7-443A-85DB-1B1ADFD661D7}.Debug|Any CPU.Build.0 = Debug|Any CPU
		{7BAA419A-1FA7-443A-85DB-1B1ADFD661D7}.Release|Any CPU.ActiveCfg = Release|Any CPU
		{7BAA419A-1FA7-443A-85DB-1B1ADFD661D7}.Release|Any CPU.Build.0 = Release|Any CPU
		{584EF738-F895-4ACA-BBEE-7B13626865BA}.Debug|Any CPU.ActiveCfg = Debug|Any CPU
		{584EF738-F895-4ACA-BBEE-7B13626865BA}.Debug|Any CPU.Build.0 = Debug|Any CPU
		{584EF738-F895-4ACA-BBEE-7B13626865BA}.Release|Any CPU.ActiveCfg = Release|Any CPU
		{584EF738-F895-4ACA-BBEE-7B13626865BA}.Release|Any CPU.Build.0 = Release|Any CPU
		{4D762CCD-FACF-4151-8E7D-B8394ED1E0B2}.Debug|Any CPU.ActiveCfg = Debug|Any CPU
		{4D762CCD-FACF-4151-8E7D-B8394ED1E0B2}.Debug|Any CPU.Build.0 = Debug|Any CPU
		{4D762CCD-FACF-4151-8E7D-B8394ED1E0B2}.Release|Any CPU.ActiveCfg = Release|Any CPU
		{4D762CCD-FACF-4151-8E7D-B8394ED1E0B2}.Release|Any CPU.Build.0 = Release|Any CPU
		{7CEB4F8A-A9E7-4CB0-B831-221332739FD5}.Debug|Any CPU.ActiveCfg = Debug|Any CPU
		{7CEB4F8A-A9E7-4CB0-B831-221332739FD5}.Debug|Any CPU.Build.0 = Debug|Any CPU
		{7CEB4F8A-A9E7-4CB0-B831-221332739FD5}.Release|Any CPU.ActiveCfg = Release|Any CPU
		{7CEB4F8A-A9E7-4CB0-B831-221332739FD5}.Release|Any CPU.Build.0 = Release|Any CPU
		{79699B0D-4A53-4411-9642-5FD85CF24A67}.Debug|Any CPU.ActiveCfg = Debug|Any CPU
		{79699B0D-4A53-4411-9642-5FD85CF24A67}.Debug|Any CPU.Build.0 = Debug|Any CPU
		{79699B0D-4A53-4411-9642-5FD85CF24A67}.Release|Any CPU.ActiveCfg = Release|Any CPU
		{79699B0D-4A53-4411-9642-5FD85CF24A67}.Release|Any CPU.Build.0 = Release|Any CPU
		{3E081D3B-2533-453C-BCED-09528A51414D}.Debug|Any CPU.ActiveCfg = Debug|Any CPU
		{3E081D3B-2533-453C-BCED-09528A51414D}.Debug|Any CPU.Build.0 = Debug|Any CPU
		{3E081D3B-2533-453C-BCED-09528A51414D}.Release|Any CPU.ActiveCfg = Release|Any CPU
		{3E081D3B-2533-453C-BCED-09528A51414D}.Release|Any CPU.Build.0 = Release|Any CPU
		{F22219FA-75AE-417D-9739-9BF7E294BA86}.Debug|Any CPU.ActiveCfg = Debug|Any CPU
		{F22219FA-75AE-417D-9739-9BF7E294BA86}.Debug|Any CPU.Build.0 = Debug|Any CPU
		{F22219FA-75AE-417D-9739-9BF7E294BA86}.Release|Any CPU.ActiveCfg = Release|Any CPU
		{F22219FA-75AE-417D-9739-9BF7E294BA86}.Release|Any CPU.Build.0 = Release|Any CPU
		{33DF2363-5FFE-4BF5-BBBE-98DA41C7E384}.Debug|Any CPU.ActiveCfg = Debug|Any CPU
		{33DF2363-5FFE-4BF5-BBBE-98DA41C7E384}.Debug|Any CPU.Build.0 = Debug|Any CPU
		{33DF2363-5FFE-4BF5-BBBE-98DA41C7E384}.Release|Any CPU.ActiveCfg = Release|Any CPU
		{33DF2363-5FFE-4BF5-BBBE-98DA41C7E384}.Release|Any CPU.Build.0 = Release|Any CPU
		{75BCA5B6-8408-49A2-998A-46B5BFDE175E}.Debug|Any CPU.ActiveCfg = Debug|Any CPU
		{75BCA5B6-8408-49A2-998A-46B5BFDE175E}.Debug|Any CPU.Build.0 = Debug|Any CPU
		{75BCA5B6-8408-49A2-998A-46B5BFDE175E}.Release|Any CPU.ActiveCfg = Release|Any CPU
		{75BCA5B6-8408-49A2-998A-46B5BFDE175E}.Release|Any CPU.Build.0 = Release|Any CPU
		{19821D2D-FDCE-4BB2-AC60-5536638371FB}.Debug|Any CPU.ActiveCfg = Debug|Any CPU
		{19821D2D-FDCE-4BB2-AC60-5536638371FB}.Debug|Any CPU.Build.0 = Debug|Any CPU
		{19821D2D-FDCE-4BB2-AC60-5536638371FB}.Release|Any CPU.ActiveCfg = Release|Any CPU
		{19821D2D-FDCE-4BB2-AC60-5536638371FB}.Release|Any CPU.Build.0 = Release|Any CPU
		{8828E649-77DB-497C-9A5D-03E681E602BB}.Debug|Any CPU.ActiveCfg = Debug|Any CPU
		{8828E649-77DB-497C-9A5D-03E681E602BB}.Debug|Any CPU.Build.0 = Debug|Any CPU
		{8828E649-77DB-497C-9A5D-03E681E602BB}.Release|Any CPU.ActiveCfg = Release|Any CPU
		{8828E649-77DB-497C-9A5D-03E681E602BB}.Release|Any CPU.Build.0 = Release|Any CPU
		{725FC0A7-535F-4581-A31F-11F48D124FBD}.Debug|Any CPU.ActiveCfg = Debug|Any CPU
		{725FC0A7-535F-4581-A31F-11F48D124FBD}.Debug|Any CPU.Build.0 = Debug|Any CPU
		{725FC0A7-535F-4581-A31F-11F48D124FBD}.Release|Any CPU.ActiveCfg = Release|Any CPU
		{725FC0A7-535F-4581-A31F-11F48D124FBD}.Release|Any CPU.Build.0 = Release|Any CPU
		{2484B157-158A-42AB-975F-D3AC90B277AB}.Debug|Any CPU.ActiveCfg = Debug|Any CPU
		{2484B157-158A-42AB-975F-D3AC90B277AB}.Debug|Any CPU.Build.0 = Debug|Any CPU
		{2484B157-158A-42AB-975F-D3AC90B277AB}.Release|Any CPU.ActiveCfg = Release|Any CPU
		{2484B157-158A-42AB-975F-D3AC90B277AB}.Release|Any CPU.Build.0 = Release|Any CPU
		{44C05C8F-5594-4FBF-8423-2614954F48B1}.Debug|Any CPU.ActiveCfg = Debug|Any CPU
		{44C05C8F-5594-4FBF-8423-2614954F48B1}.Debug|Any CPU.Build.0 = Debug|Any CPU
		{44C05C8F-5594-4FBF-8423-2614954F48B1}.Release|Any CPU.ActiveCfg = Release|Any CPU
		{44C05C8F-5594-4FBF-8423-2614954F48B1}.Release|Any CPU.Build.0 = Release|Any CPU
		{E6899CB5-D38A-4029-9362-E85F4998FA45}.Debug|Any CPU.ActiveCfg = Debug|Any CPU
		{E6899CB5-D38A-4029-9362-E85F4998FA45}.Debug|Any CPU.Build.0 = Debug|Any CPU
		{E6899CB5-D38A-4029-9362-E85F4998FA45}.Release|Any CPU.ActiveCfg = Release|Any CPU
		{E6899CB5-D38A-4029-9362-E85F4998FA45}.Release|Any CPU.Build.0 = Release|Any CPU
		{39B7EB58-9791-4A8B-A10F-9713880E6C03}.Debug|Any CPU.ActiveCfg = Debug|Any CPU
		{39B7EB58-9791-4A8B-A10F-9713880E6C03}.Debug|Any CPU.Build.0 = Debug|Any CPU
		{39B7EB58-9791-4A8B-A10F-9713880E6C03}.Release|Any CPU.ActiveCfg = Release|Any CPU
		{39B7EB58-9791-4A8B-A10F-9713880E6C03}.Release|Any CPU.Build.0 = Release|Any CPU
		{FE0B18E1-6DB9-4BD8-A047-8B5681198A39}.Debug|Any CPU.ActiveCfg = Debug|Any CPU
		{FE0B18E1-6DB9-4BD8-A047-8B5681198A39}.Debug|Any CPU.Build.0 = Debug|Any CPU
		{FE0B18E1-6DB9-4BD8-A047-8B5681198A39}.Release|Any CPU.ActiveCfg = Release|Any CPU
		{FE0B18E1-6DB9-4BD8-A047-8B5681198A39}.Release|Any CPU.Build.0 = Release|Any CPU
	EndGlobalSection
	GlobalSection(SolutionProperties) = preSolution
		HideSolutionNode = FALSE
	EndGlobalSection
	GlobalSection(NestedProjects) = preSolution
		{7BAA419A-1FA7-443A-85DB-1B1ADFD661D7} = {A5B5B94D-67AE-4A02-8DC6-A601113394A6}
		{584EF738-F895-4ACA-BBEE-7B13626865BA} = {A5B5B94D-67AE-4A02-8DC6-A601113394A6}
		{4D762CCD-FACF-4151-8E7D-B8394ED1E0B2} = {A5B5B94D-67AE-4A02-8DC6-A601113394A6}
		{7CEB4F8A-A9E7-4CB0-B831-221332739FD5} = {A5B5B94D-67AE-4A02-8DC6-A601113394A6}
		{79699B0D-4A53-4411-9642-5FD85CF24A67} = {A5B5B94D-67AE-4A02-8DC6-A601113394A6}
		{3E081D3B-2533-453C-BCED-09528A51414D} = {A5B5B94D-67AE-4A02-8DC6-A601113394A6}
		{F22219FA-75AE-417D-9739-9BF7E294BA86} = {A5B5B94D-67AE-4A02-8DC6-A601113394A6}
		{33DF2363-5FFE-4BF5-BBBE-98DA41C7E384} = {A5B5B94D-67AE-4A02-8DC6-A601113394A6}
		{75BCA5B6-8408-49A2-998A-46B5BFDE175E} = {A5B5B94D-67AE-4A02-8DC6-A601113394A6}
		{19821D2D-FDCE-4BB2-AC60-5536638371FB} = {A5B5B94D-67AE-4A02-8DC6-A601113394A6}
		{8828E649-77DB-497C-9A5D-03E681E602BB} = {A5B5B94D-67AE-4A02-8DC6-A601113394A6}
		{725FC0A7-535F-4581-A31F-11F48D124FBD} = {A5B5B94D-67AE-4A02-8DC6-A601113394A6}
		{2484B157-158A-42AB-975F-D3AC90B277AB} = {A5B5B94D-67AE-4A02-8DC6-A601113394A6}
		{E6899CB5-D38A-4029-9362-E85F4998FA45} = {A5B5B94D-67AE-4A02-8DC6-A601113394A6}
		{39B7EB58-9791-4A8B-A10F-9713880E6C03} = {A5B5B94D-67AE-4A02-8DC6-A601113394A6}
		{FE0B18E1-6DB9-4BD8-A047-8B5681198A39} = {A5B5B94D-67AE-4A02-8DC6-A601113394A6}
	EndGlobalSection
	GlobalSection(ExtensibilityGlobals) = postSolution
		SolutionGuid = {92828645-0AC0-44F3-84A8-D82916143943}
	EndGlobalSection
EndGlobal
